// !$*UTF8*$!
{
	archiveVersion = 1;
	classes = {
	};
	objectVersion = 50;
	objects = {

/* Begin PBXBuildFile section */
		0EAC6B2A2208AF8A0019BFAB /* AppDelegate.swift in Sources */ = {isa = PBXBuildFile; fileRef = 0EAC6B292208AF8A0019BFAB /* AppDelegate.swift */; };
		0EAC6B2C2208AF8A0019BFAB /* ViewController.swift in Sources */ = {isa = PBXBuildFile; fileRef = 0EAC6B2B2208AF8A0019BFAB /* ViewController.swift */; };
		0EAC6B2F2208AF8A0019BFAB /* Main.storyboard in Resources */ = {isa = PBXBuildFile; fileRef = 0EAC6B2D2208AF8A0019BFAB /* Main.storyboard */; };
		0EAC6B312208AF8B0019BFAB /* Assets.xcassets in Resources */ = {isa = PBXBuildFile; fileRef = 0EAC6B302208AF8B0019BFAB /* Assets.xcassets */; };
		0EAC6B342208AF8B0019BFAB /* LaunchScreen.storyboard in Resources */ = {isa = PBXBuildFile; fileRef = 0EAC6B322208AF8B0019BFAB /* LaunchScreen.storyboard */; };
		AC3AEAEB4383095A012243AC /* Pods_AutoScroller.framework in Frameworks */ = {isa = PBXBuildFile; fileRef = F82A792A1C9D3A5743CCA51C /* Pods_AutoScroller.framework */; };
		E214AB25241199F000C7588F /* CollectionViewCell.swift in Sources */ = {isa = PBXBuildFile; fileRef = E214AB24241199F000C7588F /* CollectionViewCell.swift */; };
/* End PBXBuildFile section */

/* Begin PBXFileReference section */
		0EAC6B262208AF8A0019BFAB /* AutoScroller.app */ = {isa = PBXFileReference; explicitFileType = wrapper.application; includeInIndex = 0; path = AutoScroller.app; sourceTree = BUILT_PRODUCTS_DIR; };
		0EAC6B292208AF8A0019BFAB /* AppDelegate.swift */ = {isa = PBXFileReference; lastKnownFileType = sourcecode.swift; path = AppDelegate.swift; sourceTree = "<group>"; };
		0EAC6B2B2208AF8A0019BFAB /* ViewController.swift */ = {isa = PBXFileReference; lastKnownFileType = sourcecode.swift; path = ViewController.swift; sourceTree = "<group>"; };
		0EAC6B2E2208AF8A0019BFAB /* Base */ = {isa = PBXFileReference; lastKnownFileType = file.storyboard; name = Base; path = Base.lproj/Main.storyboard; sourceTree = "<group>"; };
		0EAC6B302208AF8B0019BFAB /* Assets.xcassets */ = {isa = PBXFileReference; lastKnownFileType = folder.assetcatalog; path = Assets.xcassets; sourceTree = "<group>"; };
		0EAC6B332208AF8B0019BFAB /* Base */ = {isa = PBXFileReference; lastKnownFileType = file.storyboard; name = Base; path = Base.lproj/LaunchScreen.storyboard; sourceTree = "<group>"; };
		0EAC6B352208AF8B0019BFAB /* Info.plist */ = {isa = PBXFileReference; lastKnownFileType = text.plist.xml; path = Info.plist; sourceTree = "<group>"; };
		1E4F2A1141B22FD405484285 /* Pods-AutoScroller.release.xcconfig */ = {isa = PBXFileReference; includeInIndex = 1; lastKnownFileType = text.xcconfig; name = "Pods-AutoScroller.release.xcconfig"; path = "Target Support Files/Pods-AutoScroller/Pods-AutoScroller.release.xcconfig"; sourceTree = "<group>"; };
		6DB331BDEC1D0A2168057143 /* Pods-AutoScroller.debug.xcconfig */ = {isa = PBXFileReference; includeInIndex = 1; lastKnownFileType = text.xcconfig; name = "Pods-AutoScroller.debug.xcconfig"; path = "Target Support Files/Pods-AutoScroller/Pods-AutoScroller.debug.xcconfig"; sourceTree = "<group>"; };
		E214AB24241199F000C7588F /* CollectionViewCell.swift */ = {isa = PBXFileReference; lastKnownFileType = sourcecode.swift; path = CollectionViewCell.swift; sourceTree = "<group>"; };
		F82A792A1C9D3A5743CCA51C /* Pods_AutoScroller.framework */ = {isa = PBXFileReference; explicitFileType = wrapper.framework; includeInIndex = 0; path = Pods_AutoScroller.framework; sourceTree = BUILT_PRODUCTS_DIR; };
/* End PBXFileReference section */

/* Begin PBXFrameworksBuildPhase section */
		0EAC6B232208AF8A0019BFAB /* Frameworks */ = {
			isa = PBXFrameworksBuildPhase;
			buildActionMask = 2147483647;
			files = (
				AC3AEAEB4383095A012243AC /* Pods_AutoScroller.framework in Frameworks */,
			);
			runOnlyForDeploymentPostprocessing = 0;
		};
/* End PBXFrameworksBuildPhase section */

/* Begin PBXGroup section */
		0EAC6B1D2208AF8A0019BFAB = {
			isa = PBXGroup;
			children = (
				0EAC6B282208AF8A0019BFAB /* AutoScroller */,
				0EAC6B272208AF8A0019BFAB /* Products */,
				498E5AA6C00FBBBB71F3082A /* Pods */,
				3B1F18E9F7736DD23200C3D3 /* Frameworks */,
			);
			sourceTree = "<group>";
		};
		0EAC6B272208AF8A0019BFAB /* Products */ = {
			isa = PBXGroup;
			children = (
				0EAC6B262208AF8A0019BFAB /* AutoScroller.app */,
			);
			name = Products;
			sourceTree = "<group>";
		};
		0EAC6B282208AF8A0019BFAB /* AutoScroller */ = {
			isa = PBXGroup;
			children = (
				0EAC6B292208AF8A0019BFAB /* AppDelegate.swift */,
				0EAC6B2B2208AF8A0019BFAB /* ViewController.swift */,
				E214AB24241199F000C7588F /* CollectionViewCell.swift */,
				0EAC6B2D2208AF8A0019BFAB /* Main.storyboard */,
				0EAC6B302208AF8B0019BFAB /* Assets.xcassets */,
				0EAC6B322208AF8B0019BFAB /* LaunchScreen.storyboard */,
				0EAC6B352208AF8B0019BFAB /* Info.plist */,
			);
			path = AutoScroller;
			sourceTree = "<group>";
		};
		3B1F18E9F7736DD23200C3D3 /* Frameworks */ = {
			isa = PBXGroup;
			children = (
				F82A792A1C9D3A5743CCA51C /* Pods_AutoScroller.framework */,
			);
			name = Frameworks;
			sourceTree = "<group>";
		};
		498E5AA6C00FBBBB71F3082A /* Pods */ = {
			isa = PBXGroup;
			children = (
				6DB331BDEC1D0A2168057143 /* Pods-AutoScroller.debug.xcconfig */,
				1E4F2A1141B22FD405484285 /* Pods-AutoScroller.release.xcconfig */,
			);
			path = Pods;
			sourceTree = "<group>";
		};
/* End PBXGroup section */

/* Begin PBXNativeTarget section */
		0EAC6B252208AF8A0019BFAB /* AutoScroller */ = {
			isa = PBXNativeTarget;
			buildConfigurationList = 0EAC6B382208AF8B0019BFAB /* Build configuration list for PBXNativeTarget "AutoScroller" */;
			buildPhases = (
				43529689A0D918F3AF8243E6 /* [CP] Check Pods Manifest.lock */,
				0EAC6B222208AF8A0019BFAB /* Sources */,
				0EAC6B232208AF8A0019BFAB /* Frameworks */,
				0EAC6B242208AF8A0019BFAB /* Resources */,
			);
			buildRules = (
			);
			dependencies = (
			);
			name = AutoScroller;
			productName = AutoScroller;
			productReference = 0EAC6B262208AF8A0019BFAB /* AutoScroller.app */;
			productType = "com.apple.product-type.application";
		};
/* End PBXNativeTarget section */

/* Begin PBXProject section */
		0EAC6B1E2208AF8A0019BFAB /* Project object */ = {
			isa = PBXProject;
			attributes = {
				LastSwiftUpdateCheck = 0940;
				LastUpgradeCheck = 0940;
				ORGANIZATIONNAME = "SHUBHAM AGARWAL";
				TargetAttributes = {
					0EAC6B252208AF8A0019BFAB = {
						CreatedOnToolsVersion = 9.4;
					};
				};
			};
			buildConfigurationList = 0EAC6B212208AF8A0019BFAB /* Build configuration list for PBXProject "AutoScroller" */;
			compatibilityVersion = "Xcode 9.3";
			developmentRegion = en;
			hasScannedForEncodings = 0;
			knownRegions = (
				en,
				Base,
			);
			mainGroup = 0EAC6B1D2208AF8A0019BFAB;
			productRefGroup = 0EAC6B272208AF8A0019BFAB /* Products */;
			projectDirPath = "";
			projectRoot = "";
			targets = (
				0EAC6B252208AF8A0019BFAB /* AutoScroller */,
			);
		};
/* End PBXProject section */

/* Begin PBXResourcesBuildPhase section */
		0EAC6B242208AF8A0019BFAB /* Resources */ = {
			isa = PBXResourcesBuildPhase;
			buildActionMask = 2147483647;
			files = (
				0EAC6B342208AF8B0019BFAB /* LaunchScreen.storyboard in Resources */,
				0EAC6B312208AF8B0019BFAB /* Assets.xcassets in Resources */,
				0EAC6B2F2208AF8A0019BFAB /* Main.storyboard in Resources */,
			);
			runOnlyForDeploymentPostprocessing = 0;
		};
/* End PBXResourcesBuildPhase section */

/* Begin PBXShellScriptBuildPhase section */
		43529689A0D918F3AF8243E6 /* [CP] Check Pods Manifest.lock */ = {
			isa = PBXShellScriptBuildPhase;
			buildActionMask = 2147483647;
			files = (
			);
			inputFileListPaths = (
			);
			inputPaths = (
				"${PODS_PODFILE_DIR_PATH}/Podfile.lock",
				"${PODS_ROOT}/Manifest.lock",
			);
			name = "[CP] Check Pods Manifest.lock";
			outputFileListPaths = (
			);
			outputPaths = (
				"$(DERIVED_FILE_DIR)/Pods-AutoScroller-checkManifestLockResult.txt",
			);
			runOnlyForDeploymentPostprocessing = 0;
			shellPath = /bin/sh;
			shellScript = "diff \"${PODS_PODFILE_DIR_PATH}/Podfile.lock\" \"${PODS_ROOT}/Manifest.lock\" > /dev/null\nif [ $? != 0 ] ; then\n    # print error to STDERR\n    echo \"error: The sandbox is not in sync with the Podfile.lock. Run 'pod install' or update your CocoaPods installation.\" >&2\n    exit 1\nfi\n# This output is used by Xcode 'outputs' to avoid re-running this script phase.\necho \"SUCCESS\" > \"${SCRIPT_OUTPUT_FILE_0}\"\n";
			showEnvVarsInLog = 0;
		};
/* End PBXShellScriptBuildPhase section */

/* Begin PBXSourcesBuildPhase section */
		0EAC6B222208AF8A0019BFAB /* Sources */ = {
			isa = PBXSourcesBuildPhase;
			buildActionMask = 2147483647;
			files = (
				0EAC6B2C2208AF8A0019BFAB /* ViewController.swift in Sources */,
				0EAC6B2A2208AF8A0019BFAB /* AppDelegate.swift in Sources */,
				E214AB25241199F000C7588F /* CollectionViewCell.swift in Sources */,
			);
			runOnlyForDeploymentPostprocessing = 0;
		};
/* End PBXSourcesBuildPhase section */

/* Begin PBXVariantGroup section */
		0EAC6B2D2208AF8A0019BFAB /* Main.storyboard */ = {
			isa = PBXVariantGroup;
			children = (
				0EAC6B2E2208AF8A0019BFAB /* Base */,
			);
			name = Main.storyboard;
			sourceTree = "<group>";
		};
		0EAC6B322208AF8B0019BFAB /* LaunchScreen.storyboard */ = {
			isa = PBXVariantGroup;
			children = (
				0EAC6B332208AF8B0019BFAB /* Base */,
			);
			name = LaunchScreen.storyboard;
			sourceTree = "<group>";
		};
/* End PBXVariantGroup section */

/* Begin XCBuildConfiguration section */
		0EAC6B362208AF8B0019BFAB /* Debug */ = {
			isa = XCBuildConfiguration;
			buildSettings = {
				ALWAYS_SEARCH_USER_PATHS = NO;
				CLANG_ANALYZER_NONNULL = YES;
				CLANG_ANALYZER_NUMBER_OBJECT_CONVERSION = YES_AGGRESSIVE;
				CLANG_CXX_LANGUAGE_STANDARD = "gnu++14";
				CLANG_CXX_LIBRARY = "libc++";
				CLANG_ENABLE_MODULES = YES;
				CLANG_ENABLE_OBJC_ARC = YES;
				CLANG_ENABLE_OBJC_WEAK = YES;
				CLANG_WARN_BLOCK_CAPTURE_AUTORELEASING = YES;
				CLANG_WARN_BOOL_CONVERSION = YES;
				CLANG_WARN_COMMA = YES;
				CLANG_WARN_CONSTANT_CONVERSION = YES;
				CLANG_WARN_DEPRECATED_OBJC_IMPLEMENTATIONS = YES;
				CLANG_WARN_DIRECT_OBJC_ISA_USAGE = YES_ERROR;
				CLANG_WARN_DOCUMENTATION_COMMENTS = YES;
				CLANG_WARN_EMPTY_BODY = YES;
				CLANG_WARN_ENUM_CONVERSION = YES;
				CLANG_WARN_INFINITE_RECURSION = YES;
				CLANG_WARN_INT_CONVERSION = YES;
				CLANG_WARN_NON_LITERAL_NULL_CONVERSION = YES;
				CLANG_WARN_OBJC_IMPLICIT_RETAIN_SELF = YES;
				CLANG_WARN_OBJC_LITERAL_CONVERSION = YES;
				CLANG_WARN_OBJC_ROOT_CLASS = YES_ERROR;
				CLANG_WARN_RANGE_LOOP_ANALYSIS = YES;
				CLANG_WARN_STRICT_PROTOTYPES = YES;
				CLANG_WARN_SUSPICIOUS_MOVE = YES;
				CLANG_WARN_UNGUARDED_AVAILABILITY = YES_AGGRESSIVE;
				CLANG_WARN_UNREACHABLE_CODE = YES;
				CLANG_WARN__DUPLICATE_METHOD_MATCH = YES;
				CODE_SIGN_IDENTITY = "iPhone Developer";
				COPY_PHASE_STRIP = NO;
				DEBUG_INFORMATION_FORMAT = dwarf;
				ENABLE_STRICT_OBJC_MSGSEND = YES;
				ENABLE_TESTABILITY = YES;
				GCC_C_LANGUAGE_STANDARD = gnu11;
				GCC_DYNAMIC_NO_PIC = NO;
				GCC_NO_COMMON_BLOCKS = YES;
				GCC_OPTIMIZATION_LEVEL = 0;
				GCC_PREPROCESSOR_DEFINITIONS = (
					"DEBUG=1",
					"$(inherited)",
				);
				GCC_WARN_64_TO_32_BIT_CONVERSION = YES;
				GCC_WARN_ABOUT_RETURN_TYPE = YES_ERROR;
				GCC_WARN_UNDECLARED_SELECTOR = YES;
				GCC_WARN_UNINITIALIZED_AUTOS = YES_AGGRESSIVE;
				GCC_WARN_UNUSED_FUNCTION = YES;
				GCC_WARN_UNUSED_VARIABLE = YES;
				IPHONEOS_DEPLOYMENT_TARGET = 11.4;
				MTL_ENABLE_DEBUG_INFO = YES;
				ONLY_ACTIVE_ARCH = YES;
				SDKROOT = iphoneos;
				SWIFT_ACTIVE_COMPILATION_CONDITIONS = DEBUG;
				SWIFT_OPTIMIZATION_LEVEL = "-Onone";
			};
			name = Debug;
		};
		0EAC6B372208AF8B0019BFAB /* Release */ = {
			isa = XCBuildConfiguration;
			buildSettings = {
				ALWAYS_SEARCH_USER_PATHS = NO;
				CLANG_ANALYZER_NONNULL = YES;
				CLANG_ANALYZER_NUMBER_OBJECT_CONVERSION = YES_AGGRESSIVE;
				CLANG_CXX_LANGUAGE_STANDARD = "gnu++14";
				CLANG_CXX_LIBRARY = "libc++";
				CLANG_ENABLE_MODULES = YES;
				CLANG_ENABLE_OBJC_ARC = YES;
				CLANG_ENABLE_OBJC_WEAK = YES;
				CLANG_WARN_BLOCK_CAPTURE_AUTORELEASING = YES;
				CLANG_WARN_BOOL_CONVERSION = YES;
				CLANG_WARN_COMMA = YES;
				CLANG_WARN_CONSTANT_CONVERSION = YES;
				CLANG_WARN_DEPRECATED_OBJC_IMPLEMENTATIONS = YES;
				CLANG_WARN_DIRECT_OBJC_ISA_USAGE = YES_ERROR;
				CLANG_WARN_DOCUMENTATION_COMMENTS = YES;
				CLANG_WARN_EMPTY_BODY = YES;
				CLANG_WARN_ENUM_CONVERSION = YES;
				CLANG_WARN_INFINITE_RECURSION = YES;
				CLANG_WARN_INT_CONVERSION = YES;
				CLANG_WARN_NON_LITERAL_NULL_CONVERSION = YES;
				CLANG_WARN_OBJC_IMPLICIT_RETAIN_SELF = YES;
				CLANG_WARN_OBJC_LITERAL_CONVERSION = YES;
				CLANG_WARN_OBJC_ROOT_CLASS = YES_ERROR;
				CLANG_WARN_RANGE_LOOP_ANALYSIS = YES;
				CLANG_WARN_STRICT_PROTOTYPES = YES;
				CLANG_WARN_SUSPICIOUS_MOVE = YES;
				CLANG_WARN_UNGUARDED_AVAILABILITY = YES_AGGRESSIVE;
				CLANG_WARN_UNREACHABLE_CODE = YES;
				CLANG_WARN__DUPLICATE_METHOD_MATCH = YES;
				CODE_SIGN_IDENTITY = "iPhone Developer";
				COPY_PHASE_STRIP = NO;
				DEBUG_INFORMATION_FORMAT = "dwarf-with-dsym";
				ENABLE_NS_ASSERTIONS = NO;
				ENABLE_STRICT_OBJC_MSGSEND = YES;
				GCC_C_LANGUAGE_STANDARD = gnu11;
				GCC_NO_COMMON_BLOCKS = YES;
				GCC_WARN_64_TO_32_BIT_CONVERSION = YES;
				GCC_WARN_ABOUT_RETURN_TYPE = YES_ERROR;
				GCC_WARN_UNDECLARED_SELECTOR = YES;
				GCC_WARN_UNINITIALIZED_AUTOS = YES_AGGRESSIVE;
				GCC_WARN_UNUSED_FUNCTION = YES;
				GCC_WARN_UNUSED_VARIABLE = YES;
				IPHONEOS_DEPLOYMENT_TARGET = 11.4;
				MTL_ENABLE_DEBUG_INFO = NO;
				SDKROOT = iphoneos;
				SWIFT_COMPILATION_MODE = wholemodule;
				SWIFT_OPTIMIZATION_LEVEL = "-O";
				VALIDATE_PRODUCT = YES;
			};
			name = Release;
		};
		0EAC6B392208AF8B0019BFAB /* Debug */ = {
			isa = XCBuildConfiguration;
			baseConfigurationReference = 6DB331BDEC1D0A2168057143 /* Pods-AutoScroller.debug.xcconfig */;
			buildSettings = {
				ASSETCATALOG_COMPILER_APPICON_NAME = AppIcon;
				CODE_SIGN_STYLE = Automatic;
				DEVELOPMENT_TEAM = "";
				INFOPLIST_FILE = AutoScroller/Info.plist;
				LD_RUNPATH_SEARCH_PATHS = (
					"$(inherited)",
					"@executable_path/Frameworks",
				);
				PRODUCT_BUNDLE_IDENTIFIER = nn.AutoScroller;
				PRODUCT_NAME = "$(TARGET_NAME)";
				SWIFT_VERSION = 4.0;
				TARGETED_DEVICE_FAMILY = "1,2";
			};
			name = Debug;
		};
		0EAC6B3A2208AF8B0019BFAB /* Release */ = {
			isa = XCBuildConfiguration;
			baseConfigurationReference = 1E4F2A1141B22FD405484285 /* Pods-AutoScroller.release.xcconfig */;
			buildSettings = {
				ASSETCATALOG_COMPILER_APPICON_NAME = AppIcon;
				CODE_SIGN_STYLE = Automatic;
				DEVELOPMENT_TEAM = "";
				INFOPLIST_FILE = AutoScroller/Info.plist;
				LD_RUNPATH_SEARCH_PATHS = (
					"$(inherited)",
					"@executable_path/Frameworks",
				);
				PRODUCT_BUNDLE_IDENTIFIER = nn.AutoScroller;
				PRODUCT_NAME = "$(TARGET_NAME)";
				SWIFT_VERSION = 4.0;
				TARGETED_DEVICE_FAMILY = "1,2";
			};
			name = Release;
		};
/* End XCBuildConfiguration section */

/* Begin XCConfigurationList section */
		0EAC6B212208AF8A0019BFAB /* Build configuration list for PBXProject "AutoScroller" */ = {
			isa = XCConfigurationList;
			buildConfigurations = (
				0EAC6B362208AF8B0019BFAB /* Debug */,
				0EAC6B372208AF8B0019BFAB /* Release */,
			);
			defaultConfigurationIsVisible = 0;
			defaultConfigurationName = Release;
		};
		0EAC6B382208AF8B0019BFAB /* Build configuration list for PBXNativeTarget "AutoScroller" */ = {
			isa = XCConfigurationList;
			buildConfigurations = (
				0EAC6B392208AF8B0019BFAB /* Debug */,
				0EAC6B3A2208AF8B0019BFAB /* Release */,
			);
			defaultConfigurationIsVisible = 0;
			defaultConfigurationName = Release;
		};
/* End XCConfigurationList section */
	};
	rootObject = 0EAC6B1E2208AF8A0019BFAB /* Project object */;
}
